// !$*UTF8*$!
{
	archiveVersion = 1;
	classes = {
	};
	objectVersion = 46;
	objects = {

/* Begin PBXBuildFile section */
		34302207FA9C2068ADD12483 /* Pods_litterclear.framework in Frameworks */ = {isa = PBXBuildFile; fileRef = 747E4F26467875E4DCD64E5E /* Pods_litterclear.framework */; };
		6FD10D1F1DF38F7B00BFA70D /* ProfileViewController.swift in Sources */ = {isa = PBXBuildFile; fileRef = 6FD10D1E1DF38F7B00BFA70D /* ProfileViewController.swift */; };
		6FD85AEE1DEBE7FA0056A71D /* AppDelegate.swift in Sources */ = {isa = PBXBuildFile; fileRef = 6FD85AED1DEBE7FA0056A71D /* AppDelegate.swift */; };
		6FD85AF01DEBE7FA0056A71D /* SignInViewController.swift in Sources */ = {isa = PBXBuildFile; fileRef = 6FD85AEF1DEBE7FA0056A71D /* SignInViewController.swift */; };
		6FD85AF31DEBE7FA0056A71D /* Main.storyboard in Resources */ = {isa = PBXBuildFile; fileRef = 6FD85AF11DEBE7FA0056A71D /* Main.storyboard */; };
		6FD85AF51DEBE7FA0056A71D /* Assets.xcassets in Resources */ = {isa = PBXBuildFile; fileRef = 6FD85AF41DEBE7FA0056A71D /* Assets.xcassets */; };
		6FD85AF81DEBE7FA0056A71D /* LaunchScreen.storyboard in Resources */ = {isa = PBXBuildFile; fileRef = 6FD85AF61DEBE7FA0056A71D /* LaunchScreen.storyboard */; };
		6FD85B001DEBE8700056A71D /* GoogleService-Info.plist in Resources */ = {isa = PBXBuildFile; fileRef = 6FD85AFF1DEBE8700056A71D /* GoogleService-Info.plist */; };
/* End PBXBuildFile section */

/* Begin PBXFileReference section */
		2CA796E76C854491ED6236A4 /* Pods-litterclear.release.xcconfig */ = {isa = PBXFileReference; includeInIndex = 1; lastKnownFileType = text.xcconfig; name = "Pods-litterclear.release.xcconfig"; path = "Pods/Target Support Files/Pods-litterclear/Pods-litterclear.release.xcconfig"; sourceTree = "<group>"; };
		6F26862A1DEC1CB50059B2DC /* litterclear.entitlements */ = {isa = PBXFileReference; lastKnownFileType = text.plist.entitlements; path = litterclear.entitlements; sourceTree = "<group>"; };
		6FD10D1E1DF38F7B00BFA70D /* ProfileViewController.swift */ = {isa = PBXFileReference; fileEncoding = 4; lastKnownFileType = sourcecode.swift; path = ProfileViewController.swift; sourceTree = "<group>"; };
		6FD85AEA1DEBE7FA0056A71D /* litterclear.app */ = {isa = PBXFileReference; explicitFileType = wrapper.application; includeInIndex = 0; path = litterclear.app; sourceTree = BUILT_PRODUCTS_DIR; };
		6FD85AED1DEBE7FA0056A71D /* AppDelegate.swift */ = {isa = PBXFileReference; lastKnownFileType = sourcecode.swift; path = AppDelegate.swift; sourceTree = "<group>"; };
		6FD85AEF1DEBE7FA0056A71D /* SignInViewController.swift */ = {isa = PBXFileReference; lastKnownFileType = sourcecode.swift; path = SignInViewController.swift; sourceTree = "<group>"; };
		6FD85AF21DEBE7FA0056A71D /* Base */ = {isa = PBXFileReference; lastKnownFileType = file.storyboard; name = Base; path = Base.lproj/Main.storyboard; sourceTree = "<group>"; };
		6FD85AF41DEBE7FA0056A71D /* Assets.xcassets */ = {isa = PBXFileReference; lastKnownFileType = folder.assetcatalog; path = Assets.xcassets; sourceTree = "<group>"; };
		6FD85AF71DEBE7FA0056A71D /* Base */ = {isa = PBXFileReference; lastKnownFileType = file.storyboard; name = Base; path = Base.lproj/LaunchScreen.storyboard; sourceTree = "<group>"; };
		6FD85AF91DEBE7FA0056A71D /* Info.plist */ = {isa = PBXFileReference; lastKnownFileType = text.plist.xml; path = Info.plist; sourceTree = "<group>"; };
		6FD85AFF1DEBE8700056A71D /* GoogleService-Info.plist */ = {isa = PBXFileReference; fileEncoding = 4; lastKnownFileType = text.plist.xml; path = "GoogleService-Info.plist"; sourceTree = "<group>"; };
		747E4F26467875E4DCD64E5E /* Pods_litterclear.framework */ = {isa = PBXFileReference; explicitFileType = wrapper.framework; includeInIndex = 0; path = Pods_litterclear.framework; sourceTree = BUILT_PRODUCTS_DIR; };
		CB6215556445D155D36CEDED /* Pods-litterclear.debug.xcconfig */ = {isa = PBXFileReference; includeInIndex = 1; lastKnownFileType = text.xcconfig; name = "Pods-litterclear.debug.xcconfig"; path = "Pods/Target Support Files/Pods-litterclear/Pods-litterclear.debug.xcconfig"; sourceTree = "<group>"; };
/* End PBXFileReference section */

/* Begin PBXFrameworksBuildPhase section */
		6FD85AE71DEBE7FA0056A71D /* Frameworks */ = {
			isa = PBXFrameworksBuildPhase;
			buildActionMask = 2147483647;
			files = (
				34302207FA9C2068ADD12483 /* Pods_litterclear.framework in Frameworks */,
			);
			runOnlyForDeploymentPostprocessing = 0;
		};
/* End PBXFrameworksBuildPhase section */

/* Begin PBXGroup section */
		56CAF502528BE97E86309458 /* Frameworks */ = {
			isa = PBXGroup;
			children = (
				747E4F26467875E4DCD64E5E /* Pods_litterclear.framework */,
			);
			name = Frameworks;
			sourceTree = "<group>";
		};
		6F2686271DEBF0CA0059B2DC /* Model */ = {
			isa = PBXGroup;
			children = (
			);
			name = Model;
			sourceTree = "<group>";
		};
		6F2686281DEBF0D10059B2DC /* View */ = {
			isa = PBXGroup;
			children = (
			);
			name = View;
			sourceTree = "<group>";
		};
		6F2686291DEBF0D60059B2DC /* Controller */ = {
			isa = PBXGroup;
			children = (
				6FD85AEF1DEBE7FA0056A71D /* SignInViewController.swift */,
				6FD10D1E1DF38F7B00BFA70D /* ProfileViewController.swift */,
			);
			name = Controller;
			sourceTree = "<group>";
		};
		6FD85AE11DEBE7FA0056A71D = {
			isa = PBXGroup;
			children = (
				6FD85AEC1DEBE7FA0056A71D /* litterclear */,
				6FD85AEB1DEBE7FA0056A71D /* Products */,
				846DC812BAC23E92EA6E9D34 /* Pods */,
				56CAF502528BE97E86309458 /* Frameworks */,
			);
			sourceTree = "<group>";
		};
		6FD85AEB1DEBE7FA0056A71D /* Products */ = {
			isa = PBXGroup;
			children = (
				6FD85AEA1DEBE7FA0056A71D /* litterclear.app */,
			);
			name = Products;
			sourceTree = "<group>";
		};
		6FD85AEC1DEBE7FA0056A71D /* litterclear */ = {
			isa = PBXGroup;
			children = (
				6F26862A1DEC1CB50059B2DC /* litterclear.entitlements */,
				6F2686271DEBF0CA0059B2DC /* Model */,
				6F2686291DEBF0D60059B2DC /* Controller */,
				6F2686281DEBF0D10059B2DC /* View */,
				6FD85AFF1DEBE8700056A71D /* GoogleService-Info.plist */,
				6FD85AED1DEBE7FA0056A71D /* AppDelegate.swift */,
				6FD85AF11DEBE7FA0056A71D /* Main.storyboard */,
				6FD85AF41DEBE7FA0056A71D /* Assets.xcassets */,
				6FD85AF61DEBE7FA0056A71D /* LaunchScreen.storyboard */,
				6FD85AF91DEBE7FA0056A71D /* Info.plist */,
			);
			path = litterclear;
			sourceTree = "<group>";
		};
		846DC812BAC23E92EA6E9D34 /* Pods */ = {
			isa = PBXGroup;
			children = (
				CB6215556445D155D36CEDED /* Pods-litterclear.debug.xcconfig */,
				2CA796E76C854491ED6236A4 /* Pods-litterclear.release.xcconfig */,
			);
			name = Pods;
			sourceTree = "<group>";
		};
/* End PBXGroup section */

/* Begin PBXNativeTarget section */
		6FD85AE91DEBE7FA0056A71D /* litterclear */ = {
			isa = PBXNativeTarget;
			buildConfigurationList = 6FD85AFC1DEBE7FA0056A71D /* Build configuration list for PBXNativeTarget "litterclear" */;
			buildPhases = (
				B0B1BC196C541294BEB5C593 /* [CP] Check Pods Manifest.lock */,
				6FD85AE61DEBE7FA0056A71D /* Sources */,
				6FD85AE71DEBE7FA0056A71D /* Frameworks */,
				6FD85AE81DEBE7FA0056A71D /* Resources */,
				C8123C7C5553D2EC53A7B500 /* [CP] Embed Pods Frameworks */,
				3A4644CBFB5AD6B12FCFD99E /* [CP] Copy Pods Resources */,
			);
			buildRules = (
			);
			dependencies = (
			);
			name = litterclear;
			productName = litterclear;
			productReference = 6FD85AEA1DEBE7FA0056A71D /* litterclear.app */;
			productType = "com.apple.product-type.application";
		};
/* End PBXNativeTarget section */

/* Begin PBXProject section */
		6FD85AE21DEBE7FA0056A71D /* Project object */ = {
			isa = PBXProject;
			attributes = {
				LastSwiftUpdateCheck = 0800;
				LastUpgradeCheck = 0800;
				ORGANIZATIONNAME = SJSU;
				TargetAttributes = {
					6FD85AE91DEBE7FA0056A71D = {
						CreatedOnToolsVersion = 8.0;
						DevelopmentTeam = 6Y4HF6TAM4;
						ProvisioningStyle = Automatic;
						SystemCapabilities = {
							com.apple.Keychain = {
								enabled = 1;
							};
						};
					};
				};
			};
			buildConfigurationList = 6FD85AE51DEBE7FA0056A71D /* Build configuration list for PBXProject "litterclear" */;
			compatibilityVersion = "Xcode 3.2";
			developmentRegion = English;
			hasScannedForEncodings = 0;
			knownRegions = (
				en,
				Base,
			);
			mainGroup = 6FD85AE11DEBE7FA0056A71D;
			productRefGroup = 6FD85AEB1DEBE7FA0056A71D /* Products */;
			projectDirPath = "";
			projectRoot = "";
			targets = (
				6FD85AE91DEBE7FA0056A71D /* litterclear */,
			);
		};
/* End PBXProject section */

/* Begin PBXResourcesBuildPhase section */
		6FD85AE81DEBE7FA0056A71D /* Resources */ = {
			isa = PBXResourcesBuildPhase;
			buildActionMask = 2147483647;
			files = (
				6FD85AF81DEBE7FA0056A71D /* LaunchScreen.storyboard in Resources */,
				6FD85AF51DEBE7FA0056A71D /* Assets.xcassets in Resources */,
				6FD85B001DEBE8700056A71D /* GoogleService-Info.plist in Resources */,
				6FD85AF31DEBE7FA0056A71D /* Main.storyboard in Resources */,
			);
			runOnlyForDeploymentPostprocessing = 0;
		};
/* End PBXResourcesBuildPhase section */

/* Begin PBXShellScriptBuildPhase section */
		3A4644CBFB5AD6B12FCFD99E /* [CP] Copy Pods Resources */ = {
			isa = PBXShellScriptBuildPhase;
			buildActionMask = 2147483647;
			files = (
			);
			inputPaths = (
			);
			name = "[CP] Copy Pods Resources";
			outputPaths = (
			);
			runOnlyForDeploymentPostprocessing = 0;
			shellPath = /bin/sh;
			shellScript = "\"${SRCROOT}/Pods/Target Support Files/Pods-litterclear/Pods-litterclear-resources.sh\"\n";
			showEnvVarsInLog = 0;
		};
		B0B1BC196C541294BEB5C593 /* [CP] Check Pods Manifest.lock */ = {
			isa = PBXShellScriptBuildPhase;
			buildActionMask = 2147483647;
			files = (
			);
			inputPaths = (
			);
			name = "[CP] Check Pods Manifest.lock";
			outputPaths = (
			);
			runOnlyForDeploymentPostprocessing = 0;
			shellPath = /bin/sh;
			shellScript = "diff \"${PODS_ROOT}/../Podfile.lock\" \"${PODS_ROOT}/Manifest.lock\" > /dev/null\nif [ $? != 0 ] ; then\n    # print error to STDERR\n    echo \"error: The sandbox is not in sync with the Podfile.lock. Run 'pod install' or update your CocoaPods installation.\" >&2\n    exit 1\nfi\n";
			showEnvVarsInLog = 0;
		};
		C8123C7C5553D2EC53A7B500 /* [CP] Embed Pods Frameworks */ = {
			isa = PBXShellScriptBuildPhase;
			buildActionMask = 2147483647;
			files = (
			);
			inputPaths = (
			);
			name = "[CP] Embed Pods Frameworks";
			outputPaths = (
			);
			runOnlyForDeploymentPostprocessing = 0;
			shellPath = /bin/sh;
			shellScript = "\"${SRCROOT}/Pods/Target Support Files/Pods-litterclear/Pods-litterclear-frameworks.sh\"\n";
			showEnvVarsInLog = 0;
		};
/* End PBXShellScriptBuildPhase section */

/* Begin PBXSourcesBuildPhase section */
		6FD85AE61DEBE7FA0056A71D /* Sources */ = {
			isa = PBXSourcesBuildPhase;
			buildActionMask = 2147483647;
			files = (
				6FD10D1F1DF38F7B00BFA70D /* ProfileViewController.swift in Sources */,
				6FD85AF01DEBE7FA0056A71D /* SignInViewController.swift in Sources */,
				6FD85AEE1DEBE7FA0056A71D /* AppDelegate.swift in Sources */,
			);
			runOnlyForDeploymentPostprocessing = 0;
		};
/* End PBXSourcesBuildPhase section */

/* Begin PBXVariantGroup section */
		6FD85AF11DEBE7FA0056A71D /* Main.storyboard */ = {
			isa = PBXVariantGroup;
			children = (
				6FD85AF21DEBE7FA0056A71D /* Base */,
			);
			name = Main.storyboard;
			sourceTree = "<group>";
		};
		6FD85AF61DEBE7FA0056A71D /* LaunchScreen.storyboard */ = {
			isa = PBXVariantGroup;
			children = (
				6FD85AF71DEBE7FA0056A71D /* Base */,
			);
			name = LaunchScreen.storyboard;
			sourceTree = "<group>";
		};
/* End PBXVariantGroup section */

/* Begin XCBuildConfiguration section */
		6FD85AFA1DEBE7FA0056A71D /* Debug */ = {
			isa = XCBuildConfiguration;
			buildSettings = {
				ALWAYS_SEARCH_USER_PATHS = NO;
				CLANG_ANALYZER_NONNULL = YES;
				CLANG_CXX_LANGUAGE_STANDARD = "gnu++0x";
				CLANG_CXX_LIBRARY = "libc++";
				CLANG_ENABLE_MODULES = YES;
				CLANG_ENABLE_OBJC_ARC = YES;
				CLANG_WARN_BOOL_CONVERSION = YES;
				CLANG_WARN_CONSTANT_CONVERSION = YES;
				CLANG_WARN_DIRECT_OBJC_ISA_USAGE = YES_ERROR;
				CLANG_WARN_DOCUMENTATION_COMMENTS = YES;
				CLANG_WARN_EMPTY_BODY = YES;
				CLANG_WARN_ENUM_CONVERSION = YES;
				CLANG_WARN_INFINITE_RECURSION = YES;
				CLANG_WARN_INT_CONVERSION = YES;
				CLANG_WARN_OBJC_ROOT_CLASS = YES_ERROR;
				CLANG_WARN_SUSPICIOUS_MOVES = YES;
				CLANG_WARN_UNREACHABLE_CODE = YES;
				CLANG_WARN__DUPLICATE_METHOD_MATCH = YES;
				"CODE_SIGN_IDENTITY[sdk=iphoneos*]" = "iPhone Developer";
				COPY_PHASE_STRIP = NO;
				DEBUG_INFORMATION_FORMAT = dwarf;
				ENABLE_STRICT_OBJC_MSGSEND = YES;
				ENABLE_TESTABILITY = YES;
				GCC_C_LANGUAGE_STANDARD = gnu99;
				GCC_DYNAMIC_NO_PIC = NO;
				GCC_NO_COMMON_BLOCKS = YES;
				GCC_OPTIMIZATION_LEVEL = 0;
				GCC_PREPROCESSOR_DEFINITIONS = (
					"DEBUG=1",
					"$(inherited)",
				);
				GCC_WARN_64_TO_32_BIT_CONVERSION = YES;
				GCC_WARN_ABOUT_RETURN_TYPE = YES_ERROR;
				GCC_WARN_UNDECLARED_SELECTOR = YES;
				GCC_WARN_UNINITIALIZED_AUTOS = YES_AGGRESSIVE;
				GCC_WARN_UNUSED_FUNCTION = YES;
				GCC_WARN_UNUSED_VARIABLE = YES;
				IPHONEOS_DEPLOYMENT_TARGET = 10.0;
				MTL_ENABLE_DEBUG_INFO = YES;
				ONLY_ACTIVE_ARCH = YES;
				SDKROOT = iphoneos;
				SWIFT_ACTIVE_COMPILATION_CONDITIONS = DEBUG;
				SWIFT_OPTIMIZATION_LEVEL = "-Onone";
				TARGETED_DEVICE_FAMILY = "1,2";
			};
			name = Debug;
		};
		6FD85AFB1DEBE7FA0056A71D /* Release */ = {
			isa = XCBuildConfiguration;
			buildSettings = {
				ALWAYS_SEARCH_USER_PATHS = NO;
				CLANG_ANALYZER_NONNULL = YES;
				CLANG_CXX_LANGUAGE_STANDARD = "gnu++0x";
				CLANG_CXX_LIBRARY = "libc++";
				CLANG_ENABLE_MODULES = YES;
				CLANG_ENABLE_OBJC_ARC = YES;
				CLANG_WARN_BOOL_CONVERSION = YES;
				CLANG_WARN_CONSTANT_CONVERSION = YES;
				CLANG_WARN_DIRECT_OBJC_ISA_USAGE = YES_ERROR;
				CLANG_WARN_DOCUMENTATION_COMMENTS = YES;
				CLANG_WARN_EMPTY_BODY = YES;
				CLANG_WARN_ENUM_CONVERSION = YES;
				CLANG_WARN_INFINITE_RECURSION = YES;
				CLANG_WARN_INT_CONVERSION = YES;
				CLANG_WARN_OBJC_ROOT_CLASS = YES_ERROR;
				CLANG_WARN_SUSPICIOUS_MOVES = YES;
				CLANG_WARN_UNREACHABLE_CODE = YES;
				CLANG_WARN__DUPLICATE_METHOD_MATCH = YES;
				"CODE_SIGN_IDENTITY[sdk=iphoneos*]" = "iPhone Developer";
				COPY_PHASE_STRIP = NO;
				DEBUG_INFORMATION_FORMAT = "dwarf-with-dsym";
				ENABLE_NS_ASSERTIONS = NO;
				ENABLE_STRICT_OBJC_MSGSEND = YES;
				GCC_C_LANGUAGE_STANDARD = gnu99;
				GCC_NO_COMMON_BLOCKS = YES;
				GCC_WARN_64_TO_32_BIT_CONVERSION = YES;
				GCC_WARN_ABOUT_RETURN_TYPE = YES_ERROR;
				GCC_WARN_UNDECLARED_SELECTOR = YES;
				GCC_WARN_UNINITIALIZED_AUTOS = YES_AGGRESSIVE;
				GCC_WARN_UNUSED_FUNCTION = YES;
				GCC_WARN_UNUSED_VARIABLE = YES;
				IPHONEOS_DEPLOYMENT_TARGET = 10.0;
				MTL_ENABLE_DEBUG_INFO = NO;
				SDKROOT = iphoneos;
				SWIFT_OPTIMIZATION_LEVEL = "-Owholemodule";
				TARGETED_DEVICE_FAMILY = "1,2";
				VALIDATE_PRODUCT = YES;
			};
			name = Release;
		};
		6FD85AFD1DEBE7FA0056A71D /* Debug */ = {
			isa = XCBuildConfiguration;
			baseConfigurationReference = CB6215556445D155D36CEDED /* Pods-litterclear.debug.xcconfig */;
			buildSettings = {
				ASSETCATALOG_COMPILER_APPICON_NAME = AppIcon;
				CODE_SIGN_ENTITLEMENTS = litterclear/litterclear.entitlements;
				DEVELOPMENT_TEAM = 6Y4HF6TAM4;
				INFOPLIST_FILE = litterclear/Info.plist;
				LD_RUNPATH_SEARCH_PATHS = "$(inherited) @executable_path/Frameworks";
				PRODUCT_BUNDLE_IDENTIFIER = com.sjsu.cmpe277.litterclear;
				PRODUCT_NAME = "$(TARGET_NAME)";
				SWIFT_VERSION = 3.0;
			};
			name = Debug;
		};
		6FD85AFE1DEBE7FA0056A71D /* Release */ = {
			isa = XCBuildConfiguration;
			baseConfigurationReference = 2CA796E76C854491ED6236A4 /* Pods-litterclear.release.xcconfig */;
			buildSettings = {
				ASSETCATALOG_COMPILER_APPICON_NAME = AppIcon;
				CODE_SIGN_ENTITLEMENTS = litterclear/litterclear.entitlements;
				DEVELOPMENT_TEAM = 6Y4HF6TAM4;
				INFOPLIST_FILE = litterclear/Info.plist;
				LD_RUNPATH_SEARCH_PATHS = "$(inherited) @executable_path/Frameworks";
				PRODUCT_BUNDLE_IDENTIFIER = com.sjsu.cmpe277.litterclear;
				PRODUCT_NAME = "$(TARGET_NAME)";
				SWIFT_VERSION = 3.0;
			};
			name = Release;
		};
/* End XCBuildConfiguration section */

/* Begin XCConfigurationList section */
		6FD85AE51DEBE7FA0056A71D /* Build configuration list for PBXProject "litterclear" */ = {
			isa = XCConfigurationList;
			buildConfigurations = (
				6FD85AFA1DEBE7FA0056A71D /* Debug */,
				6FD85AFB1DEBE7FA0056A71D /* Release */,
			);
			defaultConfigurationIsVisible = 0;
			defaultConfigurationName = Release;
		};
		6FD85AFC1DEBE7FA0056A71D /* Build configuration list for PBXNativeTarget "litterclear" */ = {
			isa = XCConfigurationList;
			buildConfigurations = (
				6FD85AFD1DEBE7FA0056A71D /* Debug */,
				6FD85AFE1DEBE7FA0056A71D /* Release */,
			);
			defaultConfigurationIsVisible = 0;
			defaultConfigurationName = Release;
		};
/* End XCConfigurationList section */
	};
	rootObject = 6FD85AE21DEBE7FA0056A71D /* Project object */;
}
